// !$*UTF8*$!
{
	archiveVersion = 1;
	classes = {
	};
	objectVersion = 56;
	objects = {

/* Begin PBXBuildFile section */
		F13D33AB2BB334F3003FC5F4 /* ProductDetailView.swift in Sources */ = {isa = PBXBuildFile; fileRef = F13D33AA2BB334F3003FC5F4 /* ProductDetailView.swift */; };
		F13D33AD2BB335FD003FC5F4 /* ProductListView.swift in Sources */ = {isa = PBXBuildFile; fileRef = F13D33AC2BB335FD003FC5F4 /* ProductListView.swift */; };
		F13D33B12BB33783003FC5F4 /* PlayfairDisplay-Bold.ttf in Resources */ = {isa = PBXBuildFile; fileRef = F13D33AF2BB33783003FC5F4 /* PlayfairDisplay-Bold.ttf */; };
		F13D33B22BB33783003FC5F4 /* PlayfairDisplay-Regular.ttf in Resources */ = {isa = PBXBuildFile; fileRef = F13D33B02BB33783003FC5F4 /* PlayfairDisplay-Regular.ttf */; };
		F19E1B4C2BB1DBFD000210AC /* OnlineClothingBrandApp.swift in Sources */ = {isa = PBXBuildFile; fileRef = F19E1B4B2BB1DBFD000210AC /* OnlineClothingBrandApp.swift */; };
		F19E1B4E2BB1DBFD000210AC /* ContentView.swift in Sources */ = {isa = PBXBuildFile; fileRef = F19E1B4D2BB1DBFD000210AC /* ContentView.swift */; };
		F19E1B502BB1DBFF000210AC /* Assets.xcassets in Resources */ = {isa = PBXBuildFile; fileRef = F19E1B4F2BB1DBFF000210AC /* Assets.xcassets */; };
		F19E1B5D2BB1DC00000210AC /* OnlineClothingBrandTests.swift in Sources */ = {isa = PBXBuildFile; fileRef = F19E1B5C2BB1DC00000210AC /* OnlineClothingBrandTests.swift */; };
		F19E1B672BB1DC00000210AC /* OnlineClothingBrandUITests.swift in Sources */ = {isa = PBXBuildFile; fileRef = F19E1B662BB1DC00000210AC /* OnlineClothingBrandUITests.swift */; };
		F19E1B692BB1DC00000210AC /* OnlineClothingBrandUITestsLaunchTests.swift in Sources */ = {isa = PBXBuildFile; fileRef = F19E1B682BB1DC00000210AC /* OnlineClothingBrandUITestsLaunchTests.swift */; };
		F19E1B772BB1E0AA000210AC /* LoginView.swift in Sources */ = {isa = PBXBuildFile; fileRef = F19E1B762BB1E0AA000210AC /* LoginView.swift */; };
		F19E1B792BB1E588000210AC /* GoogleService-Info.plist in Resources */ = {isa = PBXBuildFile; fileRef = F19E1B782BB1E588000210AC /* GoogleService-Info.plist */; };
		F19E1B7C2BB1EF4F000210AC /* FirebaseAnalytics in Frameworks */ = {isa = PBXBuildFile; productRef = F19E1B7B2BB1EF4F000210AC /* FirebaseAnalytics */; };
		F19E1B7E2BB1EF4F000210AC /* FirebaseAnalyticsSwift in Frameworks */ = {isa = PBXBuildFile; productRef = F19E1B7D2BB1EF4F000210AC /* FirebaseAnalyticsSwift */; };
		F1B91A7A2BB25E2500132600 /* LoginViewModel.swift in Sources */ = {isa = PBXBuildFile; fileRef = F1B91A792BB25E2500132600 /* LoginViewModel.swift */; };
		F1B91A7D2BB25F3C00132600 /* FirebaseAuth in Frameworks */ = {isa = PBXBuildFile; productRef = F1B91A7C2BB25F3C00132600 /* FirebaseAuth */; };
		F1B91A7F2BB25FB600132600 /* FirebaseFirestore in Frameworks */ = {isa = PBXBuildFile; productRef = F1B91A7E2BB25FB600132600 /* FirebaseFirestore */; };
		F1B91A812BB2676400132600 /* SignupView.swift in Sources */ = {isa = PBXBuildFile; fileRef = F1B91A802BB2676400132600 /* SignupView.swift */; };
		F1B91A832BB268FD00132600 /* TabView.swift in Sources */ = {isa = PBXBuildFile; fileRef = F1B91A822BB268FD00132600 /* TabView.swift */; };
		F1B91AD32BB2704500132600 /* CategoryAdd.swift in Sources */ = {isa = PBXBuildFile; fileRef = F1B91AC52BB2704500132600 /* CategoryAdd.swift */; };
		F1B91AD42BB2704500132600 /* ExpensesAdd.swift in Sources */ = {isa = PBXBuildFile; fileRef = F1B91AC62BB2704500132600 /* ExpensesAdd.swift */; };
		F1B91AD52BB2704500132600 /* InpuTextField.swift in Sources */ = {isa = PBXBuildFile; fileRef = F1B91AC72BB2704500132600 /* InpuTextField.swift */; };
		F1B91AD62BB2704500132600 /* IncomeAdd.swift in Sources */ = {isa = PBXBuildFile; fileRef = F1B91AC82BB2704500132600 /* IncomeAdd.swift */; };
		F1B91AD72BB2704500132600 /* SegmentButton.swift in Sources */ = {isa = PBXBuildFile; fileRef = F1B91AC92BB2704500132600 /* SegmentButton.swift */; };
		F1B91AD82BB2704500132600 /* ArcShape.swift in Sources */ = {isa = PBXBuildFile; fileRef = F1B91ACA2BB2704500132600 /* ArcShape.swift */; };
		F1B91AD92BB2704500132600 /* UserSessionManager.swift in Sources */ = {isa = PBXBuildFile; fileRef = F1B91ACB2BB2704500132600 /* UserSessionManager.swift */; };
		F1B91ADA2BB2704500132600 /* BarChart.swift in Sources */ = {isa = PBXBuildFile; fileRef = F1B91ACC2BB2704500132600 /* BarChart.swift */; };
		F1B91ADB2BB2704500132600 /* StatusButton.swift in Sources */ = {isa = PBXBuildFile; fileRef = F1B91ACD2BB2704500132600 /* StatusButton.swift */; };
		F1B91ADC2BB2704500132600 /* ButtonPrimary.swift in Sources */ = {isa = PBXBuildFile; fileRef = F1B91ACE2BB2704500132600 /* ButtonPrimary.swift */; };
		F1B91AE02BB2704500132600 /* SavingAdd.swift in Sources */ = {isa = PBXBuildFile; fileRef = F1B91AD22BB2704500132600 /* SavingAdd.swift */; };
		F1B91AE32BB278E300132600 /* Preview Assets.xcassets in Resources */ = {isa = PBXBuildFile; fileRef = F1B91AE22BB278E300132600 /* Preview Assets.xcassets */; };
/* End PBXBuildFile section */

/* Begin PBXContainerItemProxy section */
		F19E1B592BB1DC00000210AC /* PBXContainerItemProxy */ = {
			isa = PBXContainerItemProxy;
			containerPortal = F19E1B402BB1DBFD000210AC /* Project object */;
			proxyType = 1;
			remoteGlobalIDString = F19E1B472BB1DBFD000210AC;
			remoteInfo = OnlineClothingBrand;
		};
		F19E1B632BB1DC00000210AC /* PBXContainerItemProxy */ = {
			isa = PBXContainerItemProxy;
			containerPortal = F19E1B402BB1DBFD000210AC /* Project object */;
			proxyType = 1;
			remoteGlobalIDString = F19E1B472BB1DBFD000210AC;
			remoteInfo = OnlineClothingBrand;
		};
/* End PBXContainerItemProxy section */

/* Begin PBXFileReference section */
		F13D33AA2BB334F3003FC5F4 /* ProductDetailView.swift */ = {isa = PBXFileReference; lastKnownFileType = sourcecode.swift; path = ProductDetailView.swift; sourceTree = "<group>"; };
		F13D33AC2BB335FD003FC5F4 /* ProductListView.swift */ = {isa = PBXFileReference; lastKnownFileType = sourcecode.swift; path = ProductListView.swift; sourceTree = "<group>"; };
		F13D33AF2BB33783003FC5F4 /* PlayfairDisplay-Bold.ttf */ = {isa = PBXFileReference; lastKnownFileType = file; path = "PlayfairDisplay-Bold.ttf"; sourceTree = "<group>"; };
		F13D33B02BB33783003FC5F4 /* PlayfairDisplay-Regular.ttf */ = {isa = PBXFileReference; lastKnownFileType = file; path = "PlayfairDisplay-Regular.ttf"; sourceTree = "<group>"; };
		F19E1B482BB1DBFD000210AC /* OnlineClothingBrand.app */ = {isa = PBXFileReference; explicitFileType = wrapper.application; includeInIndex = 0; path = OnlineClothingBrand.app; sourceTree = BUILT_PRODUCTS_DIR; };
		F19E1B4B2BB1DBFD000210AC /* OnlineClothingBrandApp.swift */ = {isa = PBXFileReference; lastKnownFileType = sourcecode.swift; path = OnlineClothingBrandApp.swift; sourceTree = "<group>"; };
		F19E1B4D2BB1DBFD000210AC /* ContentView.swift */ = {isa = PBXFileReference; lastKnownFileType = sourcecode.swift; path = ContentView.swift; sourceTree = "<group>"; };
		F19E1B4F2BB1DBFF000210AC /* Assets.xcassets */ = {isa = PBXFileReference; lastKnownFileType = folder.assetcatalog; path = Assets.xcassets; sourceTree = "<group>"; };
		F19E1B582BB1DC00000210AC /* OnlineClothingBrandTests.xctest */ = {isa = PBXFileReference; explicitFileType = wrapper.cfbundle; includeInIndex = 0; path = OnlineClothingBrandTests.xctest; sourceTree = BUILT_PRODUCTS_DIR; };
		F19E1B5C2BB1DC00000210AC /* OnlineClothingBrandTests.swift */ = {isa = PBXFileReference; lastKnownFileType = sourcecode.swift; path = OnlineClothingBrandTests.swift; sourceTree = "<group>"; };
		F19E1B622BB1DC00000210AC /* OnlineClothingBrandUITests.xctest */ = {isa = PBXFileReference; explicitFileType = wrapper.cfbundle; includeInIndex = 0; path = OnlineClothingBrandUITests.xctest; sourceTree = BUILT_PRODUCTS_DIR; };
		F19E1B662BB1DC00000210AC /* OnlineClothingBrandUITests.swift */ = {isa = PBXFileReference; lastKnownFileType = sourcecode.swift; path = OnlineClothingBrandUITests.swift; sourceTree = "<group>"; };
		F19E1B682BB1DC00000210AC /* OnlineClothingBrandUITestsLaunchTests.swift */ = {isa = PBXFileReference; lastKnownFileType = sourcecode.swift; path = OnlineClothingBrandUITestsLaunchTests.swift; sourceTree = "<group>"; };
		F19E1B762BB1E0AA000210AC /* LoginView.swift */ = {isa = PBXFileReference; lastKnownFileType = sourcecode.swift; path = LoginView.swift; sourceTree = "<group>"; };
		F19E1B782BB1E588000210AC /* GoogleService-Info.plist */ = {isa = PBXFileReference; fileEncoding = 4; lastKnownFileType = text.plist.xml; name = "GoogleService-Info.plist"; path = "../../GoogleService-Info.plist"; sourceTree = "<group>"; };
		F1B91A792BB25E2500132600 /* LoginViewModel.swift */ = {isa = PBXFileReference; lastKnownFileType = sourcecode.swift; path = LoginViewModel.swift; sourceTree = "<group>"; };
		F1B91A802BB2676400132600 /* SignupView.swift */ = {isa = PBXFileReference; lastKnownFileType = sourcecode.swift; path = SignupView.swift; sourceTree = "<group>"; };
		F1B91A822BB268FD00132600 /* TabView.swift */ = {isa = PBXFileReference; lastKnownFileType = sourcecode.swift; path = TabView.swift; sourceTree = "<group>"; };
		F1B91AC52BB2704500132600 /* CategoryAdd.swift */ = {isa = PBXFileReference; fileEncoding = 4; lastKnownFileType = sourcecode.swift; path = CategoryAdd.swift; sourceTree = "<group>"; };
		F1B91AC62BB2704500132600 /* ExpensesAdd.swift */ = {isa = PBXFileReference; fileEncoding = 4; lastKnownFileType = sourcecode.swift; path = ExpensesAdd.swift; sourceTree = "<group>"; };
		F1B91AC72BB2704500132600 /* InpuTextField.swift */ = {isa = PBXFileReference; fileEncoding = 4; lastKnownFileType = sourcecode.swift; path = InpuTextField.swift; sourceTree = "<group>"; };
		F1B91AC82BB2704500132600 /* IncomeAdd.swift */ = {isa = PBXFileReference; fileEncoding = 4; lastKnownFileType = sourcecode.swift; path = IncomeAdd.swift; sourceTree = "<group>"; };
		F1B91AC92BB2704500132600 /* SegmentButton.swift */ = {isa = PBXFileReference; fileEncoding = 4; lastKnownFileType = sourcecode.swift; path = SegmentButton.swift; sourceTree = "<group>"; };
		F1B91ACA2BB2704500132600 /* ArcShape.swift */ = {isa = PBXFileReference; fileEncoding = 4; lastKnownFileType = sourcecode.swift; path = ArcShape.swift; sourceTree = "<group>"; };
		F1B91ACB2BB2704500132600 /* UserSessionManager.swift */ = {isa = PBXFileReference; fileEncoding = 4; lastKnownFileType = sourcecode.swift; path = UserSessionManager.swift; sourceTree = "<group>"; };
		F1B91ACC2BB2704500132600 /* BarChart.swift */ = {isa = PBXFileReference; fileEncoding = 4; lastKnownFileType = sourcecode.swift; path = BarChart.swift; sourceTree = "<group>"; };
		F1B91ACD2BB2704500132600 /* StatusButton.swift */ = {isa = PBXFileReference; fileEncoding = 4; lastKnownFileType = sourcecode.swift; path = StatusButton.swift; sourceTree = "<group>"; };
		F1B91ACE2BB2704500132600 /* ButtonPrimary.swift */ = {isa = PBXFileReference; fileEncoding = 4; lastKnownFileType = sourcecode.swift; path = ButtonPrimary.swift; sourceTree = "<group>"; };
		F1B91AD22BB2704500132600 /* SavingAdd.swift */ = {isa = PBXFileReference; fileEncoding = 4; lastKnownFileType = sourcecode.swift; path = SavingAdd.swift; sourceTree = "<group>"; };
		F1B91AE22BB278E300132600 /* Preview Assets.xcassets */ = {isa = PBXFileReference; lastKnownFileType = folder.assetcatalog; path = "Preview Assets.xcassets"; sourceTree = "<group>"; };
/* End PBXFileReference section */

/* Begin PBXFrameworksBuildPhase section */
		F19E1B452BB1DBFD000210AC /* Frameworks */ = {
			isa = PBXFrameworksBuildPhase;
			buildActionMask = 2147483647;
			files = (
				F19E1B7E2BB1EF4F000210AC /* FirebaseAnalyticsSwift in Frameworks */,
				F1B91A7F2BB25FB600132600 /* FirebaseFirestore in Frameworks */,
				F1B91A7D2BB25F3C00132600 /* FirebaseAuth in Frameworks */,
				F19E1B7C2BB1EF4F000210AC /* FirebaseAnalytics in Frameworks */,
			);
			runOnlyForDeploymentPostprocessing = 0;
		};
		F19E1B552BB1DC00000210AC /* Frameworks */ = {
			isa = PBXFrameworksBuildPhase;
			buildActionMask = 2147483647;
			files = (
			);
			runOnlyForDeploymentPostprocessing = 0;
		};
		F19E1B5F2BB1DC00000210AC /* Frameworks */ = {
			isa = PBXFrameworksBuildPhase;
			buildActionMask = 2147483647;
			files = (
			);
			runOnlyForDeploymentPostprocessing = 0;
		};
/* End PBXFrameworksBuildPhase section */

/* Begin PBXGroup section */
		F13D33AE2BB33783003FC5F4 /* Fonts */ = {
			isa = PBXGroup;
			children = (
				F13D33AF2BB33783003FC5F4 /* PlayfairDisplay-Bold.ttf */,
				F13D33B02BB33783003FC5F4 /* PlayfairDisplay-Regular.ttf */,
			);
			name = Fonts;
			path = "../../Furniture-Shop-App-UI-SwiftUI/Furniture_app/Fonts";
			sourceTree = "<group>";
		};
		F19E1B3F2BB1DBFD000210AC = {
			isa = PBXGroup;
			children = (
				F19E1B4A2BB1DBFD000210AC /* OnlineClothingBrand */,
				F19E1B5B2BB1DC00000210AC /* OnlineClothingBrandTests */,
				F19E1B652BB1DC00000210AC /* OnlineClothingBrandUITests */,
				F19E1B492BB1DBFD000210AC /* Products */,
				F1B91A7B2BB25F3C00132600 /* Frameworks */,
			);
			sourceTree = "<group>";
		};
		F19E1B492BB1DBFD000210AC /* Products */ = {
			isa = PBXGroup;
			children = (
				F19E1B482BB1DBFD000210AC /* OnlineClothingBrand.app */,
				F19E1B582BB1DC00000210AC /* OnlineClothingBrandTests.xctest */,
				F19E1B622BB1DC00000210AC /* OnlineClothingBrandUITests.xctest */,
			);
			name = Products;
			sourceTree = "<group>";
		};
		F19E1B4A2BB1DBFD000210AC /* OnlineClothingBrand */ = {
			isa = PBXGroup;
			children = (
				F13D33AE2BB33783003FC5F4 /* Fonts */,
				F1B91AC42BB2704500132600 /* UICommon */,
				F1B91A782BB25DD700132600 /* ViewModel */,
				F19E1B752BB1E07A000210AC /* Views */,
				F19E1B4B2BB1DBFD000210AC /* OnlineClothingBrandApp.swift */,
				F19E1B4D2BB1DBFD000210AC /* ContentView.swift */,
				F19E1B782BB1E588000210AC /* GoogleService-Info.plist */,
				F19E1B4F2BB1DBFF000210AC /* Assets.xcassets */,
				F1B91AE12BB278E300132600 /* Preview Content */,
			);
			path = OnlineClothingBrand;
			sourceTree = "<group>";
		};
		F19E1B5B2BB1DC00000210AC /* OnlineClothingBrandTests */ = {
			isa = PBXGroup;
			children = (
				F19E1B5C2BB1DC00000210AC /* OnlineClothingBrandTests.swift */,
			);
			path = OnlineClothingBrandTests;
			sourceTree = "<group>";
		};
		F19E1B652BB1DC00000210AC /* OnlineClothingBrandUITests */ = {
			isa = PBXGroup;
			children = (
				F19E1B662BB1DC00000210AC /* OnlineClothingBrandUITests.swift */,
				F19E1B682BB1DC00000210AC /* OnlineClothingBrandUITestsLaunchTests.swift */,
			);
			path = OnlineClothingBrandUITests;
			sourceTree = "<group>";
		};
		F19E1B752BB1E07A000210AC /* Views */ = {
			isa = PBXGroup;
			children = (
				F19E1B762BB1E0AA000210AC /* LoginView.swift */,
				F1B91A802BB2676400132600 /* SignupView.swift */,
				F1B91A822BB268FD00132600 /* TabView.swift */,
				F13D33AA2BB334F3003FC5F4 /* ProductDetailView.swift */,
				F13D33AC2BB335FD003FC5F4 /* ProductListView.swift */,
			);
			path = Views;
			sourceTree = "<group>";
		};
		F1B91A782BB25DD700132600 /* ViewModel */ = {
			isa = PBXGroup;
			children = (
				F1B91A792BB25E2500132600 /* LoginViewModel.swift */,
			);
			path = ViewModel;
			sourceTree = "<group>";
		};
		F1B91A7B2BB25F3C00132600 /* Frameworks */ = {
			isa = PBXGroup;
			children = (
			);
			name = Frameworks;
			sourceTree = "<group>";
		};
		F1B91AC42BB2704500132600 /* UICommon */ = {
			isa = PBXGroup;
			children = (
				F1B91AC52BB2704500132600 /* CategoryAdd.swift */,
				F1B91AC62BB2704500132600 /* ExpensesAdd.swift */,
				F1B91AC72BB2704500132600 /* InpuTextField.swift */,
				F1B91AC82BB2704500132600 /* IncomeAdd.swift */,
				F1B91AC92BB2704500132600 /* SegmentButton.swift */,
				F1B91ACA2BB2704500132600 /* ArcShape.swift */,
				F1B91ACB2BB2704500132600 /* UserSessionManager.swift */,
				F1B91ACC2BB2704500132600 /* BarChart.swift */,
				F1B91ACD2BB2704500132600 /* StatusButton.swift */,
				F1B91ACE2BB2704500132600 /* ButtonPrimary.swift */,
				F1B91AD22BB2704500132600 /* SavingAdd.swift */,
			);
			name = UICommon;
			path = ../../IOS_APP/IOS_CW1/UICommon;
			sourceTree = "<group>";
		};
		F1B91AE12BB278E300132600 /* Preview Content */ = {
			isa = PBXGroup;
			children = (
				F1B91AE22BB278E300132600 /* Preview Assets.xcassets */,
			);
			name = "Preview Content";
			path = "../../../untitled folder/OnlineClothingBrand/OnlineClothingBrand/Preview Content";
			sourceTree = "<group>";
		};
/* End PBXGroup section */

/* Begin PBXNativeTarget section */
		F19E1B472BB1DBFD000210AC /* OnlineClothingBrand */ = {
			isa = PBXNativeTarget;
			buildConfigurationList = F19E1B6C2BB1DC00000210AC /* Build configuration list for PBXNativeTarget "OnlineClothingBrand" */;
			buildPhases = (
				F19E1B442BB1DBFD000210AC /* Sources */,
				F19E1B452BB1DBFD000210AC /* Frameworks */,
				F19E1B462BB1DBFD000210AC /* Resources */,
			);
			buildRules = (
			);
			dependencies = (
			);
			name = OnlineClothingBrand;
			packageProductDependencies = (
				F19E1B7B2BB1EF4F000210AC /* FirebaseAnalytics */,
				F19E1B7D2BB1EF4F000210AC /* FirebaseAnalyticsSwift */,
				F1B91A7C2BB25F3C00132600 /* FirebaseAuth */,
				F1B91A7E2BB25FB600132600 /* FirebaseFirestore */,
			);
			productName = OnlineClothingBrand;
			productReference = F19E1B482BB1DBFD000210AC /* OnlineClothingBrand.app */;
			productType = "com.apple.product-type.application";
		};
		F19E1B572BB1DC00000210AC /* OnlineClothingBrandTests */ = {
			isa = PBXNativeTarget;
			buildConfigurationList = F19E1B6F2BB1DC00000210AC /* Build configuration list for PBXNativeTarget "OnlineClothingBrandTests" */;
			buildPhases = (
				F19E1B542BB1DC00000210AC /* Sources */,
				F19E1B552BB1DC00000210AC /* Frameworks */,
				F19E1B562BB1DC00000210AC /* Resources */,
			);
			buildRules = (
			);
			dependencies = (
				F19E1B5A2BB1DC00000210AC /* PBXTargetDependency */,
			);
			name = OnlineClothingBrandTests;
			productName = OnlineClothingBrandTests;
			productReference = F19E1B582BB1DC00000210AC /* OnlineClothingBrandTests.xctest */;
			productType = "com.apple.product-type.bundle.unit-test";
		};
		F19E1B612BB1DC00000210AC /* OnlineClothingBrandUITests */ = {
			isa = PBXNativeTarget;
			buildConfigurationList = F19E1B722BB1DC00000210AC /* Build configuration list for PBXNativeTarget "OnlineClothingBrandUITests" */;
			buildPhases = (
				F19E1B5E2BB1DC00000210AC /* Sources */,
				F19E1B5F2BB1DC00000210AC /* Frameworks */,
				F19E1B602BB1DC00000210AC /* Resources */,
			);
			buildRules = (
			);
			dependencies = (
				F19E1B642BB1DC00000210AC /* PBXTargetDependency */,
			);
			name = OnlineClothingBrandUITests;
			productName = OnlineClothingBrandUITests;
			productReference = F19E1B622BB1DC00000210AC /* OnlineClothingBrandUITests.xctest */;
			productType = "com.apple.product-type.bundle.ui-testing";
		};
/* End PBXNativeTarget section */

/* Begin PBXProject section */
		F19E1B402BB1DBFD000210AC /* Project object */ = {
			isa = PBXProject;
			attributes = {
				BuildIndependentTargetsInParallel = 1;
				LastSwiftUpdateCheck = 1520;
				LastUpgradeCheck = 1520;
				TargetAttributes = {
					F19E1B472BB1DBFD000210AC = {
						CreatedOnToolsVersion = 15.2;
					};
					F19E1B572BB1DC00000210AC = {
						CreatedOnToolsVersion = 15.2;
						TestTargetID = F19E1B472BB1DBFD000210AC;
					};
					F19E1B612BB1DC00000210AC = {
						CreatedOnToolsVersion = 15.2;
						TestTargetID = F19E1B472BB1DBFD000210AC;
					};
				};
			};
			buildConfigurationList = F19E1B432BB1DBFD000210AC /* Build configuration list for PBXProject "OnlineClothingBrand" */;
			compatibilityVersion = "Xcode 14.0";
			developmentRegion = en;
			hasScannedForEncodings = 0;
			knownRegions = (
				en,
				Base,
			);
			mainGroup = F19E1B3F2BB1DBFD000210AC;
			packageReferences = (
				F19E1B7A2BB1E97F000210AC /* XCRemoteSwiftPackageReference "firebase-ios-sdk" */,
			);
			productRefGroup = F19E1B492BB1DBFD000210AC /* Products */;
			projectDirPath = "";
			projectRoot = "";
			targets = (
				F19E1B472BB1DBFD000210AC /* OnlineClothingBrand */,
				F19E1B572BB1DC00000210AC /* OnlineClothingBrandTests */,
				F19E1B612BB1DC00000210AC /* OnlineClothingBrandUITests */,
			);
		};
/* End PBXProject section */

/* Begin PBXResourcesBuildPhase section */
		F19E1B462BB1DBFD000210AC /* Resources */ = {
			isa = PBXResourcesBuildPhase;
			buildActionMask = 2147483647;
			files = (
				F13D33B22BB33783003FC5F4 /* PlayfairDisplay-Regular.ttf in Resources */,
				F13D33B12BB33783003FC5F4 /* PlayfairDisplay-Bold.ttf in Resources */,
				F19E1B502BB1DBFF000210AC /* Assets.xcassets in Resources */,
				F1B91AE32BB278E300132600 /* Preview Assets.xcassets in Resources */,
				F19E1B792BB1E588000210AC /* GoogleService-Info.plist in Resources */,
			);
			runOnlyForDeploymentPostprocessing = 0;
		};
		F19E1B562BB1DC00000210AC /* Resources */ = {
			isa = PBXResourcesBuildPhase;
			buildActionMask = 2147483647;
			files = (
			);
			runOnlyForDeploymentPostprocessing = 0;
		};
		F19E1B602BB1DC00000210AC /* Resources */ = {
			isa = PBXResourcesBuildPhase;
			buildActionMask = 2147483647;
			files = (
			);
			runOnlyForDeploymentPostprocessing = 0;
		};
/* End PBXResourcesBuildPhase section */

/* Begin PBXSourcesBuildPhase section */
		F19E1B442BB1DBFD000210AC /* Sources */ = {
			isa = PBXSourcesBuildPhase;
			buildActionMask = 2147483647;
			files = (
				F1B91AD92BB2704500132600 /* UserSessionManager.swift in Sources */,
				F1B91AD42BB2704500132600 /* ExpensesAdd.swift in Sources */,
				F1B91AE02BB2704500132600 /* SavingAdd.swift in Sources */,
				F1B91AD52BB2704500132600 /* InpuTextField.swift in Sources */,
				F13D33AB2BB334F3003FC5F4 /* ProductDetailView.swift in Sources */,
				F1B91A7A2BB25E2500132600 /* LoginViewModel.swift in Sources */,
				F1B91AD72BB2704500132600 /* SegmentButton.swift in Sources */,
				F1B91AD82BB2704500132600 /* ArcShape.swift in Sources */,
				F19E1B772BB1E0AA000210AC /* LoginView.swift in Sources */,
				F1B91AD62BB2704500132600 /* IncomeAdd.swift in Sources */,
				F19E1B4E2BB1DBFD000210AC /* ContentView.swift in Sources */,
				F19E1B4C2BB1DBFD000210AC /* OnlineClothingBrandApp.swift in Sources */,
				F1B91A832BB268FD00132600 /* TabView.swift in Sources */,
				F1B91A812BB2676400132600 /* SignupView.swift in Sources */,
				F13D33AD2BB335FD003FC5F4 /* ProductListView.swift in Sources */,
				F1B91ADA2BB2704500132600 /* BarChart.swift in Sources */,
				F1B91ADB2BB2704500132600 /* StatusButton.swift in Sources */,
				F1B91ADC2BB2704500132600 /* ButtonPrimary.swift in Sources */,
				F1B91AD32BB2704500132600 /* CategoryAdd.swift in Sources */,
			);
			runOnlyForDeploymentPostprocessing = 0;
		};
		F19E1B542BB1DC00000210AC /* Sources */ = {
			isa = PBXSourcesBuildPhase;
			buildActionMask = 2147483647;
			files = (
				F19E1B5D2BB1DC00000210AC /* OnlineClothingBrandTests.swift in Sources */,
			);
			runOnlyForDeploymentPostprocessing = 0;
		};
		F19E1B5E2BB1DC00000210AC /* Sources */ = {
			isa = PBXSourcesBuildPhase;
			buildActionMask = 2147483647;
			files = (
				F19E1B672BB1DC00000210AC /* OnlineClothingBrandUITests.swift in Sources */,
				F19E1B692BB1DC00000210AC /* OnlineClothingBrandUITestsLaunchTests.swift in Sources */,
			);
			runOnlyForDeploymentPostprocessing = 0;
		};
/* End PBXSourcesBuildPhase section */

/* Begin PBXTargetDependency section */
		F19E1B5A2BB1DC00000210AC /* PBXTargetDependency */ = {
			isa = PBXTargetDependency;
			target = F19E1B472BB1DBFD000210AC /* OnlineClothingBrand */;
			targetProxy = F19E1B592BB1DC00000210AC /* PBXContainerItemProxy */;
		};
		F19E1B642BB1DC00000210AC /* PBXTargetDependency */ = {
			isa = PBXTargetDependency;
			target = F19E1B472BB1DBFD000210AC /* OnlineClothingBrand */;
			targetProxy = F19E1B632BB1DC00000210AC /* PBXContainerItemProxy */;
		};
/* End PBXTargetDependency section */

/* Begin XCBuildConfiguration section */
		F19E1B6A2BB1DC00000210AC /* Debug */ = {
			isa = XCBuildConfiguration;
			buildSettings = {
				ALWAYS_SEARCH_USER_PATHS = NO;
				ASSETCATALOG_COMPILER_GENERATE_SWIFT_ASSET_SYMBOL_EXTENSIONS = YES;
				CLANG_ANALYZER_NONNULL = YES;
				CLANG_ANALYZER_NUMBER_OBJECT_CONVERSION = YES_AGGRESSIVE;
				CLANG_CXX_LANGUAGE_STANDARD = "gnu++20";
				CLANG_ENABLE_MODULES = YES;
				CLANG_ENABLE_OBJC_ARC = YES;
				CLANG_ENABLE_OBJC_WEAK = YES;
				CLANG_WARN_BLOCK_CAPTURE_AUTORELEASING = YES;
				CLANG_WARN_BOOL_CONVERSION = YES;
				CLANG_WARN_COMMA = YES;
				CLANG_WARN_CONSTANT_CONVERSION = YES;
				CLANG_WARN_DEPRECATED_OBJC_IMPLEMENTATIONS = YES;
				CLANG_WARN_DIRECT_OBJC_ISA_USAGE = YES_ERROR;
				CLANG_WARN_DOCUMENTATION_COMMENTS = YES;
				CLANG_WARN_EMPTY_BODY = YES;
				CLANG_WARN_ENUM_CONVERSION = YES;
				CLANG_WARN_INFINITE_RECURSION = YES;
				CLANG_WARN_INT_CONVERSION = YES;
				CLANG_WARN_NON_LITERAL_NULL_CONVERSION = YES;
				CLANG_WARN_OBJC_IMPLICIT_RETAIN_SELF = YES;
				CLANG_WARN_OBJC_LITERAL_CONVERSION = YES;
				CLANG_WARN_OBJC_ROOT_CLASS = YES_ERROR;
				CLANG_WARN_QUOTED_INCLUDE_IN_FRAMEWORK_HEADER = YES;
				CLANG_WARN_RANGE_LOOP_ANALYSIS = YES;
				CLANG_WARN_STRICT_PROTOTYPES = YES;
				CLANG_WARN_SUSPICIOUS_MOVE = YES;
				CLANG_WARN_UNGUARDED_AVAILABILITY = YES_AGGRESSIVE;
				CLANG_WARN_UNREACHABLE_CODE = YES;
				CLANG_WARN__DUPLICATE_METHOD_MATCH = YES;
				COPY_PHASE_STRIP = NO;
				DEBUG_INFORMATION_FORMAT = dwarf;
				ENABLE_STRICT_OBJC_MSGSEND = YES;
				ENABLE_TESTABILITY = YES;
				ENABLE_USER_SCRIPT_SANDBOXING = YES;
				GCC_C_LANGUAGE_STANDARD = gnu17;
				GCC_DYNAMIC_NO_PIC = NO;
				GCC_NO_COMMON_BLOCKS = YES;
				GCC_OPTIMIZATION_LEVEL = 0;
				GCC_PREPROCESSOR_DEFINITIONS = (
					"DEBUG=1",
					"$(inherited)",
				);
				GCC_WARN_64_TO_32_BIT_CONVERSION = YES;
				GCC_WARN_ABOUT_RETURN_TYPE = YES_ERROR;
				GCC_WARN_UNDECLARED_SELECTOR = YES;
				GCC_WARN_UNINITIALIZED_AUTOS = YES_AGGRESSIVE;
				GCC_WARN_UNUSED_FUNCTION = YES;
				GCC_WARN_UNUSED_VARIABLE = YES;
				IPHONEOS_DEPLOYMENT_TARGET = 17.2;
				LOCALIZATION_PREFERS_STRING_CATALOGS = YES;
				MTL_ENABLE_DEBUG_INFO = INCLUDE_SOURCE;
				MTL_FAST_MATH = YES;
				ONLY_ACTIVE_ARCH = YES;
				SDKROOT = iphoneos;
				SWIFT_ACTIVE_COMPILATION_CONDITIONS = "DEBUG $(inherited)";
				SWIFT_OPTIMIZATION_LEVEL = "-Onone";
			};
			name = Debug;
		};
		F19E1B6B2BB1DC00000210AC /* Release */ = {
			isa = XCBuildConfiguration;
			buildSettings = {
				ALWAYS_SEARCH_USER_PATHS = NO;
				ASSETCATALOG_COMPILER_GENERATE_SWIFT_ASSET_SYMBOL_EXTENSIONS = YES;
				CLANG_ANALYZER_NONNULL = YES;
				CLANG_ANALYZER_NUMBER_OBJECT_CONVERSION = YES_AGGRESSIVE;
				CLANG_CXX_LANGUAGE_STANDARD = "gnu++20";
				CLANG_ENABLE_MODULES = YES;
				CLANG_ENABLE_OBJC_ARC = YES;
				CLANG_ENABLE_OBJC_WEAK = YES;
				CLANG_WARN_BLOCK_CAPTURE_AUTORELEASING = YES;
				CLANG_WARN_BOOL_CONVERSION = YES;
				CLANG_WARN_COMMA = YES;
				CLANG_WARN_CONSTANT_CONVERSION = YES;
				CLANG_WARN_DEPRECATED_OBJC_IMPLEMENTATIONS = YES;
				CLANG_WARN_DIRECT_OBJC_ISA_USAGE = YES_ERROR;
				CLANG_WARN_DOCUMENTATION_COMMENTS = YES;
				CLANG_WARN_EMPTY_BODY = YES;
				CLANG_WARN_ENUM_CONVERSION = YES;
				CLANG_WARN_INFINITE_RECURSION = YES;
				CLANG_WARN_INT_CONVERSION = YES;
				CLANG_WARN_NON_LITERAL_NULL_CONVERSION = YES;
				CLANG_WARN_OBJC_IMPLICIT_RETAIN_SELF = YES;
				CLANG_WARN_OBJC_LITERAL_CONVERSION = YES;
				CLANG_WARN_OBJC_ROOT_CLASS = YES_ERROR;
				CLANG_WARN_QUOTED_INCLUDE_IN_FRAMEWORK_HEADER = YES;
				CLANG_WARN_RANGE_LOOP_ANALYSIS = YES;
				CLANG_WARN_STRICT_PROTOTYPES = YES;
				CLANG_WARN_SUSPICIOUS_MOVE = YES;
				CLANG_WARN_UNGUARDED_AVAILABILITY = YES_AGGRESSIVE;
				CLANG_WARN_UNREACHABLE_CODE = YES;
				CLANG_WARN__DUPLICATE_METHOD_MATCH = YES;
				COPY_PHASE_STRIP = NO;
				DEBUG_INFORMATION_FORMAT = "dwarf-with-dsym";
				ENABLE_NS_ASSERTIONS = NO;
				ENABLE_STRICT_OBJC_MSGSEND = YES;
				ENABLE_USER_SCRIPT_SANDBOXING = YES;
				GCC_C_LANGUAGE_STANDARD = gnu17;
				GCC_NO_COMMON_BLOCKS = YES;
				GCC_WARN_64_TO_32_BIT_CONVERSION = YES;
				GCC_WARN_ABOUT_RETURN_TYPE = YES_ERROR;
				GCC_WARN_UNDECLARED_SELECTOR = YES;
				GCC_WARN_UNINITIALIZED_AUTOS = YES_AGGRESSIVE;
				GCC_WARN_UNUSED_FUNCTION = YES;
				GCC_WARN_UNUSED_VARIABLE = YES;
				IPHONEOS_DEPLOYMENT_TARGET = 17.2;
				LOCALIZATION_PREFERS_STRING_CATALOGS = YES;
				MTL_ENABLE_DEBUG_INFO = NO;
				MTL_FAST_MATH = YES;
				SDKROOT = iphoneos;
				SWIFT_COMPILATION_MODE = wholemodule;
				VALIDATE_PRODUCT = YES;
			};
			name = Release;
		};
		F19E1B6D2BB1DC00000210AC /* Debug */ = {
			isa = XCBuildConfiguration;
			buildSettings = {
				ASSETCATALOG_COMPILER_APPICON_NAME = AppIcon;
				ASSETCATALOG_COMPILER_GLOBAL_ACCENT_COLOR_NAME = AccentColor;
				CODE_SIGN_STYLE = Automatic;
				CURRENT_PROJECT_VERSION = 1;
				DEVELOPMENT_ASSET_PATHS = "\"OnlineClothingBrand/Preview Content\"";
				ENABLE_PREVIEWS = YES;
				GENERATE_INFOPLIST_FILE = YES;
				INFOPLIST_KEY_UIApplicationSceneManifest_Generation = YES;
				INFOPLIST_KEY_UIApplicationSupportsIndirectInputEvents = YES;
				INFOPLIST_KEY_UILaunchScreen_Generation = YES;
				INFOPLIST_KEY_UISupportedInterfaceOrientations_iPad = "UIInterfaceOrientationPortrait UIInterfaceOrientationPortraitUpsideDown UIInterfaceOrientationLandscapeLeft UIInterfaceOrientationLandscapeRight";
				INFOPLIST_KEY_UISupportedInterfaceOrientations_iPhone = "UIInterfaceOrientationPortrait UIInterfaceOrientationLandscapeLeft UIInterfaceOrientationLandscapeRight";
				LD_RUNPATH_SEARCH_PATHS = (
					"$(inherited)",
					"@executable_path/Frameworks",
				);
				MARKETING_VERSION = 1.0;
				PRODUCT_BUNDLE_IDENTIFIER = com.swiftui.OnlineClothingBrand;
				PRODUCT_NAME = "$(TARGET_NAME)";
				SWIFT_EMIT_LOC_STRINGS = YES;
				SWIFT_VERSION = 5.0;
				TARGETED_DEVICE_FAMILY = "1,2";
			};
			name = Debug;
		};
		F19E1B6E2BB1DC00000210AC /* Release */ = {
			isa = XCBuildConfiguration;
			buildSettings = {
				ASSETCATALOG_COMPILER_APPICON_NAME = AppIcon;
				ASSETCATALOG_COMPILER_GLOBAL_ACCENT_COLOR_NAME = AccentColor;
				CODE_SIGN_STYLE = Automatic;
				CURRENT_PROJECT_VERSION = 1;
				DEVELOPMENT_ASSET_PATHS = "\"OnlineClothingBrand/Preview Content\"";
				ENABLE_PREVIEWS = YES;
				GENERATE_INFOPLIST_FILE = YES;
				INFOPLIST_KEY_UIApplicationSceneManifest_Generation = YES;
				INFOPLIST_KEY_UIApplicationSupportsIndirectInputEvents = YES;
				INFOPLIST_KEY_UILaunchScreen_Generation = YES;
				INFOPLIST_KEY_UISupportedInterfaceOrientations_iPad = "UIInterfaceOrientationPortrait UIInterfaceOrientationPortraitUpsideDown UIInterfaceOrientationLandscapeLeft UIInterfaceOrientationLandscapeRight";
				INFOPLIST_KEY_UISupportedInterfaceOrientations_iPhone = "UIInterfaceOrientationPortrait UIInterfaceOrientationLandscapeLeft UIInterfaceOrientationLandscapeRight";
				LD_RUNPATH_SEARCH_PATHS = (
					"$(inherited)",
					"@executable_path/Frameworks",
				);
				MARKETING_VERSION = 1.0;
				PRODUCT_BUNDLE_IDENTIFIER = com.swiftui.OnlineClothingBrand;
				PRODUCT_NAME = "$(TARGET_NAME)";
				SWIFT_EMIT_LOC_STRINGS = YES;
				SWIFT_VERSION = 5.0;
				TARGETED_DEVICE_FAMILY = "1,2";
			};
			name = Release;
		};
		F19E1B702BB1DC00000210AC /* Debug */ = {
			isa = XCBuildConfiguration;
			buildSettings = {
				ALWAYS_EMBED_SWIFT_STANDARD_LIBRARIES = YES;
				BUNDLE_LOADER = "$(TEST_HOST)";
				CODE_SIGN_STYLE = Automatic;
				CURRENT_PROJECT_VERSION = 1;
				GENERATE_INFOPLIST_FILE = YES;
				IPHONEOS_DEPLOYMENT_TARGET = 17.2;
				MARKETING_VERSION = 1.0;
				PRODUCT_BUNDLE_IDENTIFIER = com.swiftui.OnlineClothingBrandTests;
				PRODUCT_NAME = "$(TARGET_NAME)";
				SWIFT_EMIT_LOC_STRINGS = NO;
				SWIFT_VERSION = 5.0;
				TARGETED_DEVICE_FAMILY = "1,2";
				TEST_HOST = "$(BUILT_PRODUCTS_DIR)/OnlineClothingBrand.app/$(BUNDLE_EXECUTABLE_FOLDER_PATH)/OnlineClothingBrand";
			};
			name = Debug;
		};
		F19E1B712BB1DC00000210AC /* Release */ = {
			isa = XCBuildConfiguration;
			buildSettings = {
				ALWAYS_EMBED_SWIFT_STANDARD_LIBRARIES = YES;
				BUNDLE_LOADER = "$(TEST_HOST)";
				CODE_SIGN_STYLE = Automatic;
				CURRENT_PROJECT_VERSION = 1;
				GENERATE_INFOPLIST_FILE = YES;
				IPHONEOS_DEPLOYMENT_TARGET = 17.2;
				MARKETING_VERSION = 1.0;
				PRODUCT_BUNDLE_IDENTIFIER = com.swiftui.OnlineClothingBrandTests;
				PRODUCT_NAME = "$(TARGET_NAME)";
				SWIFT_EMIT_LOC_STRINGS = NO;
				SWIFT_VERSION = 5.0;
				TARGETED_DEVICE_FAMILY = "1,2";
				TEST_HOST = "$(BUILT_PRODUCTS_DIR)/OnlineClothingBrand.app/$(BUNDLE_EXECUTABLE_FOLDER_PATH)/OnlineClothingBrand";
			};
			name = Release;
		};
		F19E1B732BB1DC00000210AC /* Debug */ = {
			isa = XCBuildConfiguration;
			buildSettings = {
				ALWAYS_EMBED_SWIFT_STANDARD_LIBRARIES = YES;
				CODE_SIGN_STYLE = Automatic;
				CURRENT_PROJECT_VERSION = 1;
				GENERATE_INFOPLIST_FILE = YES;
				MARKETING_VERSION = 1.0;
				PRODUCT_BUNDLE_IDENTIFIER = com.swiftui.OnlineClothingBrandUITests;
				PRODUCT_NAME = "$(TARGET_NAME)";
				SWIFT_EMIT_LOC_STRINGS = NO;
				SWIFT_VERSION = 5.0;
				TARGETED_DEVICE_FAMILY = "1,2";
				TEST_TARGET_NAME = OnlineClothingBrand;
			};
			name = Debug;
		};
		F19E1B742BB1DC00000210AC /* Release */ = {
			isa = XCBuildConfiguration;
			buildSettings = {
				ALWAYS_EMBED_SWIFT_STANDARD_LIBRARIES = YES;
				CODE_SIGN_STYLE = Automatic;
				CURRENT_PROJECT_VERSION = 1;
				GENERATE_INFOPLIST_FILE = YES;
				MARKETING_VERSION = 1.0;
				PRODUCT_BUNDLE_IDENTIFIER = com.swiftui.OnlineClothingBrandUITests;
				PRODUCT_NAME = "$(TARGET_NAME)";
				SWIFT_EMIT_LOC_STRINGS = NO;
				SWIFT_VERSION = 5.0;
				TARGETED_DEVICE_FAMILY = "1,2";
				TEST_TARGET_NAME = OnlineClothingBrand;
			};
			name = Release;
		};
/* End XCBuildConfiguration section */

/* Begin XCConfigurationList section */
		F19E1B432BB1DBFD000210AC /* Build configuration list for PBXProject "OnlineClothingBrand" */ = {
			isa = XCConfigurationList;
			buildConfigurations = (
				F19E1B6A2BB1DC00000210AC /* Debug */,
				F19E1B6B2BB1DC00000210AC /* Release */,
			);
			defaultConfigurationIsVisible = 0;
			defaultConfigurationName = Release;
		};
		F19E1B6C2BB1DC00000210AC /* Build configuration list for PBXNativeTarget "OnlineClothingBrand" */ = {
			isa = XCConfigurationList;
			buildConfigurations = (
				F19E1B6D2BB1DC00000210AC /* Debug */,
				F19E1B6E2BB1DC00000210AC /* Release */,
			);
			defaultConfigurationIsVisible = 0;
			defaultConfigurationName = Release;
		};
		F19E1B6F2BB1DC00000210AC /* Build configuration list for PBXNativeTarget "OnlineClothingBrandTests" */ = {
			isa = XCConfigurationList;
			buildConfigurations = (
				F19E1B702BB1DC00000210AC /* Debug */,
				F19E1B712BB1DC00000210AC /* Release */,
			);
			defaultConfigurationIsVisible = 0;
			defaultConfigurationName = Release;
		};
		F19E1B722BB1DC00000210AC /* Build configuration list for PBXNativeTarget "OnlineClothingBrandUITests" */ = {
			isa = XCConfigurationList;
			buildConfigurations = (
				F19E1B732BB1DC00000210AC /* Debug */,
				F19E1B742BB1DC00000210AC /* Release */,
			);
			defaultConfigurationIsVisible = 0;
			defaultConfigurationName = Release;
		};
/* End XCConfigurationList section */

/* Begin XCRemoteSwiftPackageReference section */
		F19E1B7A2BB1E97F000210AC /* XCRemoteSwiftPackageReference "firebase-ios-sdk" */ = {
			isa = XCRemoteSwiftPackageReference;
			repositoryURL = "https://github.com/firebase/firebase-ios-sdk.git";
			requirement = {
				kind = upToNextMajorVersion;
				minimumVersion = 10.23.0;
			};
		};
/* End XCRemoteSwiftPackageReference section */

/* Begin XCSwiftPackageProductDependency section */
		F19E1B7B2BB1EF4F000210AC /* FirebaseAnalytics */ = {
			isa = XCSwiftPackageProductDependency;
			package = F19E1B7A2BB1E97F000210AC /* XCRemoteSwiftPackageReference "firebase-ios-sdk" */;
			productName = FirebaseAnalytics;
		};
		F19E1B7D2BB1EF4F000210AC /* FirebaseAnalyticsSwift */ = {
			isa = XCSwiftPackageProductDependency;
			package = F19E1B7A2BB1E97F000210AC /* XCRemoteSwiftPackageReference "firebase-ios-sdk" */;
			productName = FirebaseAnalyticsSwift;
		};
		F1B91A7C2BB25F3C00132600 /* FirebaseAuth */ = {
			isa = XCSwiftPackageProductDependency;
			package = F19E1B7A2BB1E97F000210AC /* XCRemoteSwiftPackageReference "firebase-ios-sdk" */;
			productName = FirebaseAuth;
		};
		F1B91A7E2BB25FB600132600 /* FirebaseFirestore */ = {
			isa = XCSwiftPackageProductDependency;
			package = F19E1B7A2BB1E97F000210AC /* XCRemoteSwiftPackageReference "firebase-ios-sdk" */;
			productName = FirebaseFirestore;
		};
/* End XCSwiftPackageProductDependency section */
	};
	rootObject = F19E1B402BB1DBFD000210AC /* Project object */;
}
